// !$*UTF8*$!
{
	archiveVersion = 1;
	classes = {
	};
	objectVersion = 46;
	objects = {

/* Begin PBXBuildFile section */
		8B7AE687194D0E7900BFBFC8 /* Foundation.framework in Frameworks */ = {isa = PBXBuildFile; fileRef = 8B7AE686194D0E7900BFBFC8 /* Foundation.framework */; };
		8B7AE689194D0E7900BFBFC8 /* CoreGraphics.framework in Frameworks */ = {isa = PBXBuildFile; fileRef = 8B7AE688194D0E7900BFBFC8 /* CoreGraphics.framework */; };
		8B7AE68B194D0E7900BFBFC8 /* UIKit.framework in Frameworks */ = {isa = PBXBuildFile; fileRef = 8B7AE68A194D0E7900BFBFC8 /* UIKit.framework */; };
		8B7AE691194D0E7900BFBFC8 /* InfoPlist.strings in Resources */ = {isa = PBXBuildFile; fileRef = 8B7AE68F194D0E7900BFBFC8 /* InfoPlist.strings */; };
		8B7AE693194D0E7900BFBFC8 /* main.m in Sources */ = {isa = PBXBuildFile; fileRef = 8B7AE692194D0E7900BFBFC8 /* main.m */; };
		8B7AE697194D0E7900BFBFC8 /* DMCAppDelegate.m in Sources */ = {isa = PBXBuildFile; fileRef = 8B7AE696194D0E7900BFBFC8 /* DMCAppDelegate.m */; };
		8B7AE69A194D0E7900BFBFC8 /* Main.storyboard in Resources */ = {isa = PBXBuildFile; fileRef = 8B7AE698194D0E7900BFBFC8 /* Main.storyboard */; };
		8B7AE69D194D0E7900BFBFC8 /* DMCMasterViewController.m in Sources */ = {isa = PBXBuildFile; fileRef = 8B7AE69C194D0E7900BFBFC8 /* DMCMasterViewController.m */; };
		8B7AE6A0194D0E7900BFBFC8 /* DMCDetailViewController.m in Sources */ = {isa = PBXBuildFile; fileRef = 8B7AE69F194D0E7900BFBFC8 /* DMCDetailViewController.m */; };
		8B7AE6A2194D0E7900BFBFC8 /* Images.xcassets in Resources */ = {isa = PBXBuildFile; fileRef = 8B7AE6A1194D0E7900BFBFC8 /* Images.xcassets */; };
		8B7AE6A9194D0E7900BFBFC8 /* XCTest.framework in Frameworks */ = {isa = PBXBuildFile; fileRef = 8B7AE6A8194D0E7900BFBFC8 /* XCTest.framework */; };
		8B7AE6AA194D0E7900BFBFC8 /* Foundation.framework in Frameworks */ = {isa = PBXBuildFile; fileRef = 8B7AE686194D0E7900BFBFC8 /* Foundation.framework */; };
		8B7AE6AB194D0E7900BFBFC8 /* UIKit.framework in Frameworks */ = {isa = PBXBuildFile; fileRef = 8B7AE68A194D0E7900BFBFC8 /* UIKit.framework */; };
		8B7AE6B3194D0E7900BFBFC8 /* InfoPlist.strings in Resources */ = {isa = PBXBuildFile; fileRef = 8B7AE6B1194D0E7900BFBFC8 /* InfoPlist.strings */; };
		8B7AE6B5194D0E7900BFBFC8 /* JanksyTests.m in Sources */ = {isa = PBXBuildFile; fileRef = 8B7AE6B4194D0E7900BFBFC8 /* JanksyTests.m */; };
/* End PBXBuildFile section */

/* Begin PBXContainerItemProxy section */
		8B7AE6AC194D0E7900BFBFC8 /* PBXContainerItemProxy */ = {
			isa = PBXContainerItemProxy;
			containerPortal = 8B7AE67B194D0E7900BFBFC8 /* Project object */;
			proxyType = 1;
			remoteGlobalIDString = 8B7AE682194D0E7900BFBFC8;
			remoteInfo = Janksy;
		};
/* End PBXContainerItemProxy section */

/* Begin PBXFileReference section */
		8B7AE683194D0E7900BFBFC8 /* Janksy.app */ = {isa = PBXFileReference; explicitFileType = wrapper.application; includeInIndex = 0; path = Janksy.app; sourceTree = BUILT_PRODUCTS_DIR; };
		8B7AE686194D0E7900BFBFC8 /* Foundation.framework */ = {isa = PBXFileReference; lastKnownFileType = wrapper.framework; name = Foundation.framework; path = System/Library/Frameworks/Foundation.framework; sourceTree = SDKROOT; };
		8B7AE688194D0E7900BFBFC8 /* CoreGraphics.framework */ = {isa = PBXFileReference; lastKnownFileType = wrapper.framework; name = CoreGraphics.framework; path = System/Library/Frameworks/CoreGraphics.framework; sourceTree = SDKROOT; };
		8B7AE68A194D0E7900BFBFC8 /* UIKit.framework */ = {isa = PBXFileReference; lastKnownFileType = wrapper.framework; name = UIKit.framework; path = System/Library/Frameworks/UIKit.framework; sourceTree = SDKROOT; };
		8B7AE68E194D0E7900BFBFC8 /* Janksy-Info.plist */ = {isa = PBXFileReference; lastKnownFileType = text.plist.xml; path = "Janksy-Info.plist"; sourceTree = "<group>"; };
		8B7AE690194D0E7900BFBFC8 /* en */ = {isa = PBXFileReference; lastKnownFileType = text.plist.strings; name = en; path = en.lproj/InfoPlist.strings; sourceTree = "<group>"; };
		8B7AE692194D0E7900BFBFC8 /* main.m */ = {isa = PBXFileReference; lastKnownFileType = sourcecode.c.objc; path = main.m; sourceTree = "<group>"; };
		8B7AE694194D0E7900BFBFC8 /* Janksy-Prefix.pch */ = {isa = PBXFileReference; lastKnownFileType = sourcecode.c.h; path = "Janksy-Prefix.pch"; sourceTree = "<group>"; };
		8B7AE695194D0E7900BFBFC8 /* DMCAppDelegate.h */ = {isa = PBXFileReference; lastKnownFileType = sourcecode.c.h; path = DMCAppDelegate.h; sourceTree = "<group>"; };
		8B7AE696194D0E7900BFBFC8 /* DMCAppDelegate.m */ = {isa = PBXFileReference; lastKnownFileType = sourcecode.c.objc; path = DMCAppDelegate.m; sourceTree = "<group>"; };
		8B7AE699194D0E7900BFBFC8 /* Base */ = {isa = PBXFileReference; lastKnownFileType = file.storyboard; name = Base; path = Base.lproj/Main.storyboard; sourceTree = "<group>"; };
		8B7AE69B194D0E7900BFBFC8 /* DMCMasterViewController.h */ = {isa = PBXFileReference; lastKnownFileType = sourcecode.c.h; path = DMCMasterViewController.h; sourceTree = "<group>"; };
		8B7AE69C194D0E7900BFBFC8 /* DMCMasterViewController.m */ = {isa = PBXFileReference; lastKnownFileType = sourcecode.c.objc; path = DMCMasterViewController.m; sourceTree = "<group>"; };
		8B7AE69E194D0E7900BFBFC8 /* DMCDetailViewController.h */ = {isa = PBXFileReference; lastKnownFileType = sourcecode.c.h; path = DMCDetailViewController.h; sourceTree = "<group>"; };
		8B7AE69F194D0E7900BFBFC8 /* DMCDetailViewController.m */ = {isa = PBXFileReference; lastKnownFileType = sourcecode.c.objc; path = DMCDetailViewController.m; sourceTree = "<group>"; };
		8B7AE6A1194D0E7900BFBFC8 /* Images.xcassets */ = {isa = PBXFileReference; lastKnownFileType = folder.assetcatalog; path = Images.xcassets; sourceTree = "<group>"; };
		8B7AE6A7194D0E7900BFBFC8 /* JanksyTests.xctest */ = {isa = PBXFileReference; explicitFileType = wrapper.cfbundle; includeInIndex = 0; path = JanksyTests.xctest; sourceTree = BUILT_PRODUCTS_DIR; };
		8B7AE6A8194D0E7900BFBFC8 /* XCTest.framework */ = {isa = PBXFileReference; lastKnownFileType = wrapper.framework; name = XCTest.framework; path = Library/Frameworks/XCTest.framework; sourceTree = DEVELOPER_DIR; };
		8B7AE6B0194D0E7900BFBFC8 /* JanksyTests-Info.plist */ = {isa = PBXFileReference; lastKnownFileType = text.plist.xml; path = "JanksyTests-Info.plist"; sourceTree = "<group>"; };
		8B7AE6B2194D0E7900BFBFC8 /* en */ = {isa = PBXFileReference; lastKnownFileType = text.plist.strings; name = en; path = en.lproj/InfoPlist.strings; sourceTree = "<group>"; };
		8B7AE6B4194D0E7900BFBFC8 /* JanksyTests.m */ = {isa = PBXFileReference; lastKnownFileType = sourcecode.c.objc; path = JanksyTests.m; sourceTree = "<group>"; };
/* End PBXFileReference section */

/* Begin PBXFrameworksBuildPhase section */
		8B7AE680194D0E7900BFBFC8 /* Frameworks */ = {
			isa = PBXFrameworksBuildPhase;
			buildActionMask = 2147483647;
			files = (
				8B7AE689194D0E7900BFBFC8 /* CoreGraphics.framework in Frameworks */,
				8B7AE68B194D0E7900BFBFC8 /* UIKit.framework in Frameworks */,
				8B7AE687194D0E7900BFBFC8 /* Foundation.framework in Frameworks */,
			);
			runOnlyForDeploymentPostprocessing = 0;
		};
		8B7AE6A4194D0E7900BFBFC8 /* Frameworks */ = {
			isa = PBXFrameworksBuildPhase;
			buildActionMask = 2147483647;
			files = (
				8B7AE6A9194D0E7900BFBFC8 /* XCTest.framework in Frameworks */,
				8B7AE6AB194D0E7900BFBFC8 /* UIKit.framework in Frameworks */,
				8B7AE6AA194D0E7900BFBFC8 /* Foundation.framework in Frameworks */,
			);
			runOnlyForDeploymentPostprocessing = 0;
		};
/* End PBXFrameworksBuildPhase section */

/* Begin PBXGroup section */
		8B7AE67A194D0E7900BFBFC8 = {
			isa = PBXGroup;
			children = (
				8B7AE68C194D0E7900BFBFC8 /* Janksy */,
				8B7AE6AE194D0E7900BFBFC8 /* JanksyTests */,
				8B7AE685194D0E7900BFBFC8 /* Frameworks */,
				8B7AE684194D0E7900BFBFC8 /* Products */,
			);
			sourceTree = "<group>";
		};
		8B7AE684194D0E7900BFBFC8 /* Products */ = {
			isa = PBXGroup;
			children = (
				8B7AE683194D0E7900BFBFC8 /* Janksy.app */,
				8B7AE6A7194D0E7900BFBFC8 /* JanksyTests.xctest */,
			);
			name = Products;
			sourceTree = "<group>";
		};
		8B7AE685194D0E7900BFBFC8 /* Frameworks */ = {
			isa = PBXGroup;
			children = (
				8B7AE686194D0E7900BFBFC8 /* Foundation.framework */,
				8B7AE688194D0E7900BFBFC8 /* CoreGraphics.framework */,
				8B7AE68A194D0E7900BFBFC8 /* UIKit.framework */,
				8B7AE6A8194D0E7900BFBFC8 /* XCTest.framework */,
			);
			name = Frameworks;
			sourceTree = "<group>";
		};
		8B7AE68C194D0E7900BFBFC8 /* Janksy */ = {
			isa = PBXGroup;
			children = (
				8B7AE695194D0E7900BFBFC8 /* DMCAppDelegate.h */,
				8B7AE696194D0E7900BFBFC8 /* DMCAppDelegate.m */,
				8B7AE698194D0E7900BFBFC8 /* Main.storyboard */,
				8B7AE69B194D0E7900BFBFC8 /* DMCMasterViewController.h */,
				8B7AE69C194D0E7900BFBFC8 /* DMCMasterViewController.m */,
				8B7AE69E194D0E7900BFBFC8 /* DMCDetailViewController.h */,
				8B7AE69F194D0E7900BFBFC8 /* DMCDetailViewController.m */,
				8B7AE6A1194D0E7900BFBFC8 /* Images.xcassets */,
				8B7AE68D194D0E7900BFBFC8 /* Supporting Files */,
			);
			path = Janksy;
			sourceTree = "<group>";
		};
		8B7AE68D194D0E7900BFBFC8 /* Supporting Files */ = {
			isa = PBXGroup;
			children = (
				8B7AE68E194D0E7900BFBFC8 /* Janksy-Info.plist */,
				8B7AE68F194D0E7900BFBFC8 /* InfoPlist.strings */,
				8B7AE692194D0E7900BFBFC8 /* main.m */,
				8B7AE694194D0E7900BFBFC8 /* Janksy-Prefix.pch */,
			);
			name = "Supporting Files";
			sourceTree = "<group>";
		};
		8B7AE6AE194D0E7900BFBFC8 /* JanksyTests */ = {
			isa = PBXGroup;
			children = (
				8B7AE6B4194D0E7900BFBFC8 /* JanksyTests.m */,
				8B7AE6AF194D0E7900BFBFC8 /* Supporting Files */,
			);
			path = JanksyTests;
			sourceTree = "<group>";
		};
		8B7AE6AF194D0E7900BFBFC8 /* Supporting Files */ = {
			isa = PBXGroup;
			children = (
				8B7AE6B0194D0E7900BFBFC8 /* JanksyTests-Info.plist */,
				8B7AE6B1194D0E7900BFBFC8 /* InfoPlist.strings */,
			);
			name = "Supporting Files";
			sourceTree = "<group>";
		};
/* End PBXGroup section */

/* Begin PBXNativeTarget section */
		8B7AE682194D0E7900BFBFC8 /* Janksy */ = {
			isa = PBXNativeTarget;
			buildConfigurationList = 8B7AE6B8194D0E7900BFBFC8 /* Build configuration list for PBXNativeTarget "Janksy" */;
			buildPhases = (
				8B7AE67F194D0E7900BFBFC8 /* Sources */,
				8B7AE680194D0E7900BFBFC8 /* Frameworks */,
				8B7AE681194D0E7900BFBFC8 /* Resources */,
			);
			buildRules = (
			);
			dependencies = (
			);
			name = Janksy;
			productName = Janksy;
			productReference = 8B7AE683194D0E7900BFBFC8 /* Janksy.app */;
			productType = "com.apple.product-type.application";
		};
		8B7AE6A6194D0E7900BFBFC8 /* JanksyTests */ = {
			isa = PBXNativeTarget;
			buildConfigurationList = 8B7AE6BB194D0E7900BFBFC8 /* Build configuration list for PBXNativeTarget "JanksyTests" */;
			buildPhases = (
				8B7AE6A3194D0E7900BFBFC8 /* Sources */,
				8B7AE6A4194D0E7900BFBFC8 /* Frameworks */,
				8B7AE6A5194D0E7900BFBFC8 /* Resources */,
			);
			buildRules = (
			);
			dependencies = (
				8B7AE6AD194D0E7900BFBFC8 /* PBXTargetDependency */,
			);
			name = JanksyTests;
			productName = JanksyTests;
			productReference = 8B7AE6A7194D0E7900BFBFC8 /* JanksyTests.xctest */;
			productType = "com.apple.product-type.bundle.unit-test";
		};
/* End PBXNativeTarget section */

/* Begin PBXProject section */
		8B7AE67B194D0E7900BFBFC8 /* Project object */ = {
			isa = PBXProject;
			attributes = {
				CLASSPREFIX = DMC;
				LastUpgradeCheck = 0510;
				ORGANIZATIONNAME = "Davander Mobile Corporation";
				TargetAttributes = {
					8B7AE6A6194D0E7900BFBFC8 = {
						TestTargetID = 8B7AE682194D0E7900BFBFC8;
					};
				};
			};
			buildConfigurationList = 8B7AE67E194D0E7900BFBFC8 /* Build configuration list for PBXProject "Janksy" */;
			compatibilityVersion = "Xcode 3.2";
			developmentRegion = English;
			hasScannedForEncodings = 0;
			knownRegions = (
				en,
				Base,
			);
			mainGroup = 8B7AE67A194D0E7900BFBFC8;
			productRefGroup = 8B7AE684194D0E7900BFBFC8 /* Products */;
			projectDirPath = "";
			projectRoot = "";
			targets = (
				8B7AE682194D0E7900BFBFC8 /* Janksy */,
				8B7AE6A6194D0E7900BFBFC8 /* JanksyTests */,
			);
		};
/* End PBXProject section */

/* Begin PBXResourcesBuildPhase section */
		8B7AE681194D0E7900BFBFC8 /* Resources */ = {
			isa = PBXResourcesBuildPhase;
			buildActionMask = 2147483647;
			files = (
				8B7AE6A2194D0E7900BFBFC8 /* Images.xcassets in Resources */,
				8B7AE691194D0E7900BFBFC8 /* InfoPlist.strings in Resources */,
				8B7AE69A194D0E7900BFBFC8 /* Main.storyboard in Resources */,
			);
			runOnlyForDeploymentPostprocessing = 0;
		};
		8B7AE6A5194D0E7900BFBFC8 /* Resources */ = {
			isa = PBXResourcesBuildPhase;
			buildActionMask = 2147483647;
			files = (
				8B7AE6B3194D0E7900BFBFC8 /* InfoPlist.strings in Resources */,
			);
			runOnlyForDeploymentPostprocessing = 0;
		};
/* End PBXResourcesBuildPhase section */

/* Begin PBXSourcesBuildPhase section */
		8B7AE67F194D0E7900BFBFC8 /* Sources */ = {
			isa = PBXSourcesBuildPhase;
			buildActionMask = 2147483647;
			files = (
				8B7AE693194D0E7900BFBFC8 /* main.m in Sources */,
				8B7AE69D194D0E7900BFBFC8 /* DMCMasterViewController.m in Sources */,
				8B7AE6A0194D0E7900BFBFC8 /* DMCDetailViewController.m in Sources */,
				8B7AE697194D0E7900BFBFC8 /* DMCAppDelegate.m in Sources */,
			);
			runOnlyForDeploymentPostprocessing = 0;
		};
		8B7AE6A3194D0E7900BFBFC8 /* Sources */ = {
			isa = PBXSourcesBuildPhase;
			buildActionMask = 2147483647;
			files = (
				8B7AE6B5194D0E7900BFBFC8 /* JanksyTests.m in Sources */,
			);
			runOnlyForDeploymentPostprocessing = 0;
		};
/* End PBXSourcesBuildPhase section */

/* Begin PBXTargetDependency section */
		8B7AE6AD194D0E7900BFBFC8 /* PBXTargetDependency */ = {
			isa = PBXTargetDependency;
			target = 8B7AE682194D0E7900BFBFC8 /* Janksy */;
			targetProxy = 8B7AE6AC194D0E7900BFBFC8 /* PBXContainerItemProxy */;
		};
/* End PBXTargetDependency section */

/* Begin PBXVariantGroup section */
		8B7AE68F194D0E7900BFBFC8 /* InfoPlist.strings */ = {
			isa = PBXVariantGroup;
			children = (
				8B7AE690194D0E7900BFBFC8 /* en */,
			);
			name = InfoPlist.strings;
			sourceTree = "<group>";
		};
		8B7AE698194D0E7900BFBFC8 /* Main.storyboard */ = {
			isa = PBXVariantGroup;
			children = (
				8B7AE699194D0E7900BFBFC8 /* Base */,
			);
			name = Main.storyboard;
			sourceTree = "<group>";
		};
		8B7AE6B1194D0E7900BFBFC8 /* InfoPlist.strings */ = {
			isa = PBXVariantGroup;
			children = (
				8B7AE6B2194D0E7900BFBFC8 /* en */,
			);
			name = InfoPlist.strings;
			sourceTree = "<group>";
		};
/* End PBXVariantGroup section */

/* Begin XCBuildConfiguration section */
		8B7AE6B6194D0E7900BFBFC8 /* Debug */ = {
			isa = XCBuildConfiguration;
			buildSettings = {
				ALWAYS_SEARCH_USER_PATHS = NO;
				CLANG_CXX_LANGUAGE_STANDARD = "gnu++0x";
				CLANG_CXX_LIBRARY = "libc++";
				CLANG_ENABLE_MODULES = YES;
				CLANG_ENABLE_OBJC_ARC = YES;
				CLANG_WARN_BOOL_CONVERSION = YES;
				CLANG_WARN_CONSTANT_CONVERSION = YES;
				CLANG_WARN_DIRECT_OBJC_ISA_USAGE = YES_ERROR;
				CLANG_WARN_EMPTY_BODY = YES;
				CLANG_WARN_ENUM_CONVERSION = YES;
				CLANG_WARN_INT_CONVERSION = YES;
				CLANG_WARN_OBJC_ROOT_CLASS = YES_ERROR;
				CLANG_WARN__DUPLICATE_METHOD_MATCH = YES;
				"CODE_SIGN_IDENTITY[sdk=iphoneos*]" = "iPhone Developer";
				COPY_PHASE_STRIP = NO;
				GCC_C_LANGUAGE_STANDARD = gnu99;
				GCC_DYNAMIC_NO_PIC = NO;
				GCC_OPTIMIZATION_LEVEL = 0;
				GCC_PREPROCESSOR_DEFINITIONS = (
					"DEBUG=1",
					"$(inherited)",
				);
				GCC_SYMBOLS_PRIVATE_EXTERN = NO;
				GCC_WARN_64_TO_32_BIT_CONVERSION = YES;
				GCC_WARN_ABOUT_RETURN_TYPE = YES_ERROR;
				GCC_WARN_UNDECLARED_SELECTOR = YES;
				GCC_WARN_UNINITIALIZED_AUTOS = YES_AGGRESSIVE;
				GCC_WARN_UNUSED_FUNCTION = YES;
				GCC_WARN_UNUSED_VARIABLE = YES;
				IPHONEOS_DEPLOYMENT_TARGET = 7.1;
				ONLY_ACTIVE_ARCH = YES;
				SDKROOT = iphoneos;
			};
			name = Debug;
		};
		8B7AE6B7194D0E7900BFBFC8 /* Release */ = {
			isa = XCBuildConfiguration;
			buildSettings = {
				ALWAYS_SEARCH_USER_PATHS = NO;
				CLANG_CXX_LANGUAGE_STANDARD = "gnu++0x";
				CLANG_CXX_LIBRARY = "libc++";
				CLANG_ENABLE_MODULES = YES;
				CLANG_ENABLE_OBJC_ARC = YES;
				CLANG_WARN_BOOL_CONVERSION = YES;
				CLANG_WARN_CONSTANT_CONVERSION = YES;
				CLANG_WARN_DIRECT_OBJC_ISA_USAGE = YES_ERROR;
				CLANG_WARN_EMPTY_BODY = YES;
				CLANG_WARN_ENUM_CONVERSION = YES;
				CLANG_WARN_INT_CONVERSION = YES;
				CLANG_WARN_OBJC_ROOT_CLASS = YES_ERROR;
				CLANG_WARN__DUPLICATE_METHOD_MATCH = YES;
				"CODE_SIGN_IDENTITY[sdk=iphoneos*]" = "iPhone Developer";
				COPY_PHASE_STRIP = YES;
				ENABLE_NS_ASSERTIONS = NO;
				GCC_C_LANGUAGE_STANDARD = gnu99;
				GCC_WARN_64_TO_32_BIT_CONVERSION = YES;
				GCC_WARN_ABOUT_RETURN_TYPE = YES_ERROR;
				GCC_WARN_UNDECLARED_SELECTOR = YES;
				GCC_WARN_UNINITIALIZED_AUTOS = YES_AGGRESSIVE;
				GCC_WARN_UNUSED_FUNCTION = YES;
				GCC_WARN_UNUSED_VARIABLE = YES;
				IPHONEOS_DEPLOYMENT_TARGET = 7.1;
				SDKROOT = iphoneos;
				VALIDATE_PRODUCT = YES;
			};
			name = Release;
		};
		8B7AE6B9194D0E7900BFBFC8 /* Debug */ = {
			isa = XCBuildConfiguration;
			buildSettings = {
				ASSETCATALOG_COMPILER_APPICON_NAME = AppIcon;
				ASSETCATALOG_COMPILER_LAUNCHIMAGE_NAME = LaunchImage;
				GCC_PRECOMPILE_PREFIX_HEADER = YES;
				GCC_PREFIX_HEADER = "Janksy/Janksy-Prefix.pch";
				INFOPLIST_FILE = "Janksy/Janksy-Info.plist";
				PRODUCT_NAME = "$(TARGET_NAME)";
				WRAPPER_EXTENSION = app;
			};
			name = Debug;
		};
		8B7AE6BA194D0E7900BFBFC8 /* Release */ = {
			isa = XCBuildConfiguration;
			buildSettings = {
				ASSETCATALOG_COMPILER_APPICON_NAME = AppIcon;
				ASSETCATALOG_COMPILER_LAUNCHIMAGE_NAME = LaunchImage;
				GCC_PRECOMPILE_PREFIX_HEADER = YES;
				GCC_PREFIX_HEADER = "Janksy/Janksy-Prefix.pch";
				INFOPLIST_FILE = "Janksy/Janksy-Info.plist";
				PRODUCT_NAME = "$(TARGET_NAME)";
				WRAPPER_EXTENSION = app;
			};
			name = Release;
		};
		8B7AE6BC194D0E7900BFBFC8 /* Debug */ = {
			isa = XCBuildConfiguration;
			buildSettings = {
				BUNDLE_LOADER = "$(BUILT_PRODUCTS_DIR)/Janksy.app/Janksy";
				FRAMEWORK_SEARCH_PATHS = (
					"$(SDKROOT)/Developer/Library/Frameworks",
					"$(inherited)",
					"$(DEVELOPER_FRAMEWORKS_DIR)",
				);
				GCC_PRECOMPILE_PREFIX_HEADER = YES;
				GCC_PREFIX_HEADER = "Janksy/Janksy-Prefix.pch";
				GCC_PREPROCESSOR_DEFINITIONS = (
					"DEBUG=1",
					"$(inherited)",
				);
				INFOPLIST_FILE = "JanksyTests/JanksyTests-Info.plist";
				PRODUCT_NAME = "$(TARGET_NAME)";
				TEST_HOST = "$(BUNDLE_LOADER)";
				WRAPPER_EXTENSION = xctest;
			};
			name = Debug;
		};
		8B7AE6BD194D0E7900BFBFC8 /* Release */ = {
			isa = XCBuildConfiguration;
			buildSettings = {
				BUNDLE_LOADER = "$(BUILT_PRODUCTS_DIR)/Janksy.app/Janksy";
				FRAMEWORK_SEARCH_PATHS = (
					"$(SDKROOT)/Developer/Library/Frameworks",
					"$(inherited)",
					"$(DEVELOPER_FRAMEWORKS_DIR)",
				);
				GCC_PRECOMPILE_PREFIX_HEADER = YES;
				GCC_PREFIX_HEADER = "Janksy/Janksy-Prefix.pch";
				INFOPLIST_FILE = "JanksyTests/JanksyTests-Info.plist";
				PRODUCT_NAME = "$(TARGET_NAME)";
				TEST_HOST = "$(BUNDLE_LOADER)";
				WRAPPER_EXTENSION = xctest;
			};
			name = Release;
		};
/* End XCBuildConfiguration section */

/* Begin XCConfigurationList section */
		8B7AE67E194D0E7900BFBFC8 /* Build configuration list for PBXProject "Janksy" */ = {
			isa = XCConfigurationList;
			buildConfigurations = (
				8B7AE6B6194D0E7900BFBFC8 /* Debug */,
				8B7AE6B7194D0E7900BFBFC8 /* Release */,
			);
			defaultConfigurationIsVisible = 0;
			defaultConfigurationName = Release;
		};
		8B7AE6B8194D0E7900BFBFC8 /* Build configuration list for PBXNativeTarget "Janksy" */ = {
			isa = XCConfigurationList;
			buildConfigurations = (
				8B7AE6B9194D0E7900BFBFC8 /* Debug */,
				8B7AE6BA194D0E7900BFBFC8 /* Release */,
			);
			defaultConfigurationIsVisible = 0;
		};
		8B7AE6BB194D0E7900BFBFC8 /* Build configuration list for PBXNativeTarget "JanksyTests" */ = {
			isa = XCConfigurationList;
			buildConfigurations = (
				8B7AE6BC194D0E7900BFBFC8 /* Debug */,
				8B7AE6BD194D0E7900BFBFC8 /* Release */,
			);
			defaultConfigurationIsVisible = 0;
		};
/* End XCConfigurationList section */
	};
	rootObject = 8B7AE67B194D0E7900BFBFC8 /* Project object */;
}
